
Microsoft Visual Studio Solution File, Format Version 12.00
# Visual Studio Version 16
VisualStudioVersion = 16.0.29201.188
MinimumVisualStudioVersion = 10.0.40219.1
Project("{9A19103F-16F7-4668-BE54-9A1E7A4F7556}") = "SpiderControllerPlatform", "SpiderControllerPlatform\SpiderControllerPlatform.csproj", "{5B21BEF3-7312-4C46-A80F-AA1222DC5BD2}"
EndProject
Project("{9A19103F-16F7-4668-BE54-9A1E7A4F7556}") = "SpiderUtil", "SpiderDal\SpiderUtil.csproj", "{545485BA-31C3-458A-98F6-151EBE4258ED}"
EndProject
Project("{FAE04EC0-301F-11D3-BF4B-00C04F79EFBC}") = "SpiderNode", "SpiderNode\SpiderNode.csproj", "{8269407F-9F37-4C31-8EAC-A9E84EDC6417}"
EndProject
Global
	GlobalSection(SolutionConfigurationPlatforms) = preSolution
		Debug|Any CPU = Debug|Any CPU
		Release|Any CPU = Release|Any CPU
	EndGlobalSection
	GlobalSection(ProjectConfigurationPlatforms) = postSolution
		{5B21BEF3-7312-4C46-A80F-AA1222DC5BD2}.Debug|Any CPU.ActiveCfg = Debug|Any CPU
		{5B21BEF3-7312-4C46-A80F-AA1222DC5BD2}.Debug|Any CPU.Build.0 = Debug|Any CPU
		{5B21BEF3-7312-4C46-A80F-AA1222DC5BD2}.Release|Any CPU.ActiveCfg = Release|Any CPU
		{5B21BEF3-7312-4C46-A80F-AA1222DC5BD2}.Release|Any CPU.Build.0 = Release|Any CPU
		{545485BA-31C3-458A-98F6-151EBE4258ED}.Debug|Any CPU.ActiveCfg = Debug|Any CPU
		{545485BA-31C3-458A-98F6-151EBE4258ED}.Debug|Any CPU.Build.0 = Debug|Any CPU
		{545485BA-31C3-458A-98F6-151EBE4258ED}.Release|Any CPU.ActiveCfg = Release|Any CPU
		{545485BA-31C3-458A-98F6-151EBE4258ED}.Release|Any CPU.Build.0 = Release|Any CPU
		{8269407F-9F37-4C31-8EAC-A9E84EDC6417}.Debug|Any CPU.ActiveCfg = Debug|Any CPU
		{8269407F-9F37-4C31-8EAC-A9E84EDC6417}.Debug|Any CPU.Build.0 = Debug|Any CPU
		{8269407F-9F37-4C31-8EAC-A9E84EDC6417}.Release|Any CPU.ActiveCfg = Release|Any CPU
		{8269407F-9F37-4C31-8EAC-A9E84EDC6417}.Release|Any CPU.Build.0 = Release|Any CPU
	EndGlobalSection
	GlobalSection(SolutionProperties) = preSolution
		HideSolutionNode = FALSE
	EndGlobalSection
	GlobalSection(ExtensibilityGlobals) = postSolution
		SolutionGuid = {10143408-8777-44F3-9FCD-12BEBA71B07E}
	EndGlobalSection
EndGlobal
